
Microsoft Visual Studio Solution File, Format Version 12.00
# Visual Studio Version 16
VisualStudioVersion = 16.0.31624.102
MinimumVisualStudioVersion = 10.0.40219.1
Project("{FAE04EC0-301F-11D3-BF4B-00C04F79EFBC}") = "Taller_ComplejidadCiclo1", "Taller_ComplejidadCiclo1.csproj", "{BBD94AA8-A0B7-4394-A100-EC8189D62F1C}"
EndProject
Global
	GlobalSection(SolutionConfigurationPlatforms) = preSolution
		Debug|Any CPU = Debug|Any CPU
		Release|Any CPU = Release|Any CPU
	EndGlobalSection
	GlobalSection(ProjectConfigurationPlatforms) = postSolution
		{BBD94AA8-A0B7-4394-A100-EC8189D62F1C}.Debug|Any CPU.ActiveCfg = Debug|Any CPU
		{BBD94AA8-A0B7-4394-A100-EC8189D62F1C}.Debug|Any CPU.Build.0 = Debug|Any CPU
		{BBD94AA8-A0B7-4394-A100-EC8189D62F1C}.Release|Any CPU.ActiveCfg = Release|Any CPU
		{BBD94AA8-A0B7-4394-A100-EC8189D62F1C}.Release|Any CPU.Build.0 = Release|Any CPU
	EndGlobalSection
	GlobalSection(SolutionProperties) = preSolution
		HideSolutionNode = FALSE
	EndGlobalSection
	GlobalSection(ExtensibilityGlobals) = postSolution
		SolutionGuid = {6C8930B6-A3A4-4ACF-9D87-DB8C91D3BC47}
	EndGlobalSection
EndGlobal
